
Microsoft Visual Studio Solution File, Format Version 12.00
# Visual Studio 2017
Project("{FAE04EC0-301F-11D3-BF4B-00C04F79EFBC}") = "MouldShow", "MouldShow.csproj", "{5A1676AF-A31C-4194-0B48-9ED43F1424C0}"
EndProject
Project("{FAE04EC0-301F-11D3-BF4B-00C04F79EFBC}") = "MouldShow.Editor", "MouldShow.Editor.csproj", "{BDA398ED-08EE-CF1E-CEE4-B4F67F62D032}"
EndProject
Global
	GlobalSection(SolutionConfigurationPlatforms) = preSolution
		Debug|Any CPU = Debug|Any CPU
		Release|Any CPU = Release|Any CPU
	EndGlobalSection
	GlobalSection(ProjectConfigurationPlatforms) = postSolution
		{5A1676AF-A31C-4194-0B48-9ED43F1424C0}.Debug|Any CPU.ActiveCfg = Debug|Any CPU
		{5A1676AF-A31C-4194-0B48-9ED43F1424C0}.Debug|Any CPU.Build.0 = Debug|Any CPU
		{5A1676AF-A31C-4194-0B48-9ED43F1424C0}.Release|Any CPU.ActiveCfg = Release|Any CPU
		{5A1676AF-A31C-4194-0B48-9ED43F1424C0}.Release|Any CPU.Build.0 = Release|Any CPU
		{BDA398ED-08EE-CF1E-CEE4-B4F67F62D032}.Debug|Any CPU.ActiveCfg = Debug|Any CPU
		{BDA398ED-08EE-CF1E-CEE4-B4F67F62D032}.Debug|Any CPU.Build.0 = Debug|Any CPU
		{BDA398ED-08EE-CF1E-CEE4-B4F67F62D032}.Release|Any CPU.ActiveCfg = Release|Any CPU
		{BDA398ED-08EE-CF1E-CEE4-B4F67F62D032}.Release|Any CPU.Build.0 = Release|Any CPU
	EndGlobalSection
	GlobalSection(SolutionProperties) = preSolution
		HideSolutionNode = FALSE
	EndGlobalSection
EndGlobal
